<?xml version="1.0" encoding="utf-8"?>
<Project ToolsVersion="4.0" xmlns="http://schemas.microsoft.com/developer/msbuild/2003">
  <ItemGroup>
    <Filter Include="Source Files">
      <UniqueIdentifier>{4FC737F1-C7A5-4376-A066-2A32D752A2FF}</UniqueIdentifier>
      <Extensions>cpp;c;cc;cxx;c++;cppm;ixx;def;odl;idl;hpj;bat;asm;asmx</Extensions>
    </Filter>
    <Filter Include="Header Files">
      <UniqueIdentifier>{93995380-89BD-4b04-88EB-625FBE52EBFB}</UniqueIdentifier>
      <Extensions>h;hh;hpp;hxx;h++;hm;inl;inc;ipp;xsd</Extensions>
    </Filter>
    <Filter Include="Resource Files">
      <UniqueIdentifier>{67DA6AB6-F800-4c08-8B7A-83BB121AAD01}</UniqueIdentifier>
      <Extensions>rc;ico;cur;bmp;dlg;rc2;rct;bin;rgs;gif;jpg;jpeg;jpe;resx;tiff;tif;png;wav;mfcribbon-ms</Extensions>
    </Filter>
    <Filter Include="Resource Files\Level_06">
      <UniqueIdentifier>{d18371e4-5049-4003-80f7-4a78ad091258}</UniqueIdentifier>
    </Filter>
    <Filter Include="Resource Files\Level_07">
      <UniqueIdentifier>{228c0c13-6ed8-4ca5-9604-2d43b58615b6}</UniqueIdentifier>
    </Filter>
  </ItemGroup>
  <ItemGroup>
    <ClCompile Include="02_07.cpp">
      <Filter>Resource Files\Level_06</Filter>
    </ClCompile>
    <ClCompile Include="09.cpp">
      <Filter>Resource Files\Level_06</Filter>
    </ClCompile>
    <ClCompile Include="11_Validate Number.cpp">
      <Filter>Resource Files\Level_06</Filter>
    </ClCompile>
    <ClCompile Include="12_Bitwise AND operator.cpp">
      <Filter>Resource Files\Level_06</Filter>
    </ClCompile>
    <ClCompile Include="13_Bitwise OR operator.cpp">
      <Filter>Resource Files\Level_06</Filter>
    </ClCompile>
    <ClCompile Include="14_Declaration Vs Definition.cpp">
      <Filter>Resource Files\Level_06</Filter>
    </ClCompile>
    <ClCompile Include="15_Default_Parameters.cpp">
      <Filter>Resource Files\Level_06</Filter>
    </ClCompile>
    <ClCompile Include="16_Function Overloading.cpp">
      <Filter>Resource Files\Level_06</Filter>
    </ClCompile>
    <ClCompile Include="17_Call Stack_Call Hierarchy.cpp">
      <Filter>Resource Files\Level_06</Filter>
    </ClCompile>
    <ClCompile Include="18_VS Function Tips.cpp">
      <Filter>Resource Files\Level_06</Filter>
    </ClCompile>
    <ClCompile Include="19_Recursion.cpp">
      <Filter>Resource Files\Level_06</Filter>
    </ClCompile>
    <ClCompile Include="20_Static_Variablers.cpp">
      <Filter>Resource Files\Level_06</Filter>
    </ClCompile>
    <ClCompile Include="21_Automatic Variables.cpp">
      <Filter>Resource Files\Level_06</Filter>
    </ClCompile>
    <ClCompile Include="23_Integer Format %28printf%29.cpp">
      <Filter>Resource Files\Level_06</Filter>
    </ClCompile>
    <ClCompile Include="24_Float Format %28printf%29.cpp">
      <Filter>Resource Files\Level_06</Filter>
    </ClCompile>
    <ClCompile Include="25.cpp">
      <Filter>Resource Files\Level_06</Filter>
    </ClCompile>
    <ClCompile Include="26.cpp">
      <Filter>Resource Files\Level_06</Filter>
    </ClCompile>
    <ClCompile Include="27_Two Dimensional Arrays.cpp">
      <Filter>Resource Files\Level_06</Filter>
    </ClCompile>
    <ClCompile Include="28.cpp">
      <Filter>Resource Files\Level_06</Filter>
    </ClCompile>
    <ClCompile Include="29.cpp">
      <Filter>Resource Files\Level_06</Filter>
    </ClCompile>
    <ClCompile Include="30.cpp">
      <Filter>Resource Files\Level_06</Filter>
    </ClCompile>
    <ClCompile Include="31.cpp">
      <Filter>Resource Files\Level_06</Filter>
    </ClCompile>
    <ClCompile Include="32.cpp">
      <Filter>Resource Files\Level_06</Filter>
    </ClCompile>
    <ClCompile Include="33.cpp">
      <Filter>Resource Files\Level_06</Filter>
    </ClCompile>
    <ClCompile Include="34.cpp">
      <Filter>Resource Files\Level_06</Filter>
    </ClCompile>
    <ClCompile Include="35_pointer.cpp">
      <Filter>Resource Files\Level_06</Filter>
    </ClCompile>
    <ClCompile Include="36.cpp">
      <Filter>Resource Files\Level_06</Filter>
    </ClCompile>
    <ClCompile Include="37.cpp">
      <Filter>Resource Files\Level_06</Filter>
    </ClCompile>
    <ClCompile Include="38.cpp">
      <Filter>Resource Files\Level_06</Filter>
    </ClCompile>
    <ClCompile Include="39.cpp">
      <Filter>Resource Files\Level_06</Filter>
    </ClCompile>
    <ClCompile Include="40.cpp">
      <Filter>Resource Files\Level_06</Filter>
    </ClCompile>
    <ClCompile Include="41.cpp">
      <Filter>Resource Files\Level_06</Filter>
    </ClCompile>
    <ClCompile Include="42.cpp">
      <Filter>Resource Files\Level_06</Filter>
    </ClCompile>
    <ClCompile Include="43.cpp">
      <Filter>Resource Files\Level_06</Filter>
    </ClCompile>
    <ClCompile Include="44.cpp">
      <Filter>Resource Files\Level_06</Filter>
    </ClCompile>
    <ClCompile Include="46.cpp">
      <Filter>Resource Files\Level_06</Filter>
    </ClCompile>
    <ClCompile Include="47.cpp">
      <Filter>Resource Files\Level_06</Filter>
    </ClCompile>
    <ClCompile Include="48.cpp">
      <Filter>Resource Files\Level_06</Filter>
    </ClCompile>
    <ClCompile Include="49.cpp">
      <Filter>Resource Files\Level_06</Filter>
    </ClCompile>
    <ClCompile Include="50.cpp">
      <Filter>Resource Files\Level_06</Filter>
    </ClCompile>
    <ClCompile Include="51.cpp">
      <Filter>Resource Files\Level_06</Filter>
    </ClCompile>
    <ClCompile Include="52.cpp">
      <Filter>Resource Files\Level_06</Filter>
    </ClCompile>
    <ClCompile Include="53.cpp">
      <Filter>Resource Files\Level_06</Filter>
    </ClCompile>
    <ClCompile Include="54.cpp">
      <Filter>Resource Files\Level_06</Filter>
    </ClCompile>
    <ClCompile Include="55.cpp">
      <Filter>Resource Files\Level_06</Filter>
    </ClCompile>
    <ClCompile Include="56.cpp">
      <Filter>Resource Files\Level_06</Filter>
    </ClCompile>
    <ClCompile Include="57.cpp">
      <Filter>Resource Files\Level_06</Filter>
    </ClCompile>
    <ClCompile Include="58.cpp">
      <Filter>Resource Files\Level_06</Filter>
    </ClCompile>
    <ClCompile Include="59.cpp">
      <Filter>Resource Files\Level_06</Filter>
    </ClCompile>
    <ClCompile Include="60.cpp">
      <Filter>Resource Files\Level_06</Filter>
    </ClCompile>
    <ClCompile Include="01.cpp">
      <Filter>Resource Files\Level_07</Filter>
    </ClCompile>
    <ClCompile Include="02.cpp">
      <Filter>Resource Files\Level_07</Filter>
    </ClCompile>
    <ClCompile Include="03.cpp">
      <Filter>Resource Files\Level_07</Filter>
    </ClCompile>
    <ClCompile Include="04.cpp">
      <Filter>Resource Files\Level_07</Filter>
    </ClCompile>
    <ClCompile Include="05.cpp">
      <Filter>Resource Files\Level_07</Filter>
    </ClCompile>
    <ClCompile Include="06_3x3Matrix_ordered.cpp">
      <Filter>Resource Files\Level_07</Filter>
    </ClCompile>
    <ClCompile Include="07_transposedMatrix.cpp">
      <Filter>Resource Files\Level_07</Filter>
    </ClCompile>
    <ClCompile Include="08_Multiply_Matrix.cpp">
      <Filter>Resource Files\Level_07</Filter>
    </ClCompile>
    <ClCompile Include="09_print_Middle_Rows&amp;Cols.cpp">
      <Filter>Resource Files\Level_07</Filter>
    </ClCompile>
    <ClCompile Include="10_Sum_Array.cpp">
      <Filter>Resource Files\Level_07</Filter>
    </ClCompile>
    <ClCompile Include="11.cpp">
      <Filter>Resource Files\Level_07</Filter>
    </ClCompile>
    <ClCompile Include="Source.cpp">
      <Filter>Source Files</Filter>
    </ClCompile>
    <ClCompile Include="12_Is_Typical.cpp">
      <Filter>Resource Files\Level_07</Filter>
    </ClCompile>
    <ClCompile Include="13_is_identity.cpp">
      <Filter>Resource Files\Level_07</Filter>
    </ClCompile>
    <ClCompile Include="15_count_Number,in_Matrix.cpp">
      <Filter>Resource Files\Level_07</Filter>
    </ClCompile>
    <ClCompile Include="16_is_Sparce.cpp">
      <Filter>Resource Files\Level_07</Filter>
    </ClCompile>
  </ItemGroup>
  <ItemGroup>
    <ClInclude Include="MyLib.h">
      <Filter>Header Files</Filter>
    </ClInclude>
  </ItemGroup>
</Project>